# @generated - this file is auto-generated by `mise lock` https://mise.jdx.dev/dev-tools/mise-lock.html

[[tools."cargo:cargo-audit"]]
version = "0.22.2"
backend = "cargo:cargo-audit"

[[tools."cargo:cargo-binstall"]]
version = "1.17.6"
backend = "cargo:cargo-binstall"

[[tools."cargo:cargo-nextest"]]
version = "0.9.129"
backend = "cargo:cargo-nextest"

[[tools."cargo:trunk"]]
version = "0.21.14"
backend = "cargo:trunk"

[[tools."cargo:wasm-bindgen-cli"]]
version = "0.2.121"
backend = "cargo:wasm-bindgen-cli"

[[tools.prek]]
version = "0.4.13"
backend = "aqua:j178/prek"

[tools.prek."platforms.linux-arm64"]
checksum = "sha256:ecbddcf4aad45eca7073f62dcea717f1e523901ada5c2fd668e6dce812f7790e"
url = "https://github.com/j178/prek/releases/download/v0.4.13/prek-aarch64-unknown-linux-musl.tar.gz"
url_api = "https://api.github.com/repos/j178/prek/releases/assets/508529763"
provenance = "github-attestations"

[tools.prek."platforms.linux-arm64-musl"]
checksum = "sha256:ecbddcf4aad45eca7073f62dcea717f1e523901ada5c2fd668e6dce812f7790e"
url = "https://github.com/j178/prek/releases/download/v0.4.13/prek-aarch64-unknown-linux-musl.tar.gz"
url_api = "https://api.github.com/repos/j178/prek/releases/assets/508529763"
provenance = "github-attestations"

[tools.prek."platforms.linux-x64"]
checksum = "sha256:15dbf93535fc956a09e0e13e0529f364aff94c9d048f36a41571bb802e096ec0"
url = "https://github.com/j178/prek/releases/download/v0.4.13/prek-x86_64-unknown-linux-musl.tar.gz"
url_api = "https://api.github.com/repos/j178/prek/releases/assets/508529829"
provenance = "github-attestations"

[tools.prek."platforms.linux-x64-musl"]
checksum = "sha256:15dbf93535fc956a09e0e13e0529f364aff94c9d048f36a41571bb802e096ec0"
url = "https://github.com/j178/prek/releases/download/v0.4.13/prek-x86_64-unknown-linux-musl.tar.gz"
url_api = "https://api.github.com/repos/j178/prek/releases/assets/508529829"
provenance = "github-attestations"

[tools.prek."platforms.macos-arm64"]
checksum = "sha256:776da7aa143b3cb11125f9c6f44ab5af157c176c992b7bfbafc1b155a44ac769"
url = "https://github.com/j178/prek/releases/download/v0.4.13/prek-aarch64-apple-darwin.tar.gz"
url_api = "https://api.github.com/repos/j178/prek/releases/assets/508529745"
provenance = "github-attestations"

[tools.prek."platforms.macos-x64"]
checksum = "sha256:dbd9dbe4f1e0142a3d264c84fbc1e0b1816392507c617cc71d971c8fdde9d506"
url = "https://github.com/j178/prek/releases/download/v0.4.13/prek-x86_64-apple-darwin.tar.gz"
url_api = "https://api.github.com/repos/j178/prek/releases/assets/508529818"
provenance = "github-attestations"

[tools.prek."platforms.windows-x64"]
checksum = "sha256:bf7adf70705a6ba0d2e1fd8a4016397e2609bc1765474eddec466db460a9f4ea"
url = "https://github.com/j178/prek/releases/download/v0.4.13/prek-x86_64-pc-windows-msvc.zip"
url_api = "https://api.github.com/repos/j178/prek/releases/assets/508529822"
provenance = "github-attestations"

[[tools.rust]]
version = "stable"
backend = "core:rust"

[tools.rust.options]
components = "rust-analyzer"
profile = "default"
targets = "wasm32-unknown-unknown"

[[tools.tombi]]
version = "1.2.5"
backend = "aqua:tombi-toml/tombi"

[tools.tombi."platforms.linux-arm64"]
checksum = "sha256:0fa62b48aba40759e88a77e86ed20871819f0c15d9566cd56b17b71ece8b836b"
url = "https://github.com/tombi-toml/tombi/releases/download/v1.2.5/tombi-cli-1.2.5-aarch64-unknown-linux-musl.tar.gz"
url_api = "https://api.github.com/repos/tombi-toml/tombi/releases/assets/496096092"
provenance = "github-attestations"

[tools.tombi."platforms.linux-arm64-musl"]
checksum = "sha256:0fa62b48aba40759e88a77e86ed20871819f0c15d9566cd56b17b71ece8b836b"
url = "https://github.com/tombi-toml/tombi/releases/download/v1.2.5/tombi-cli-1.2.5-aarch64-unknown-linux-musl.tar.gz"
url_api = "https://api.github.com/repos/tombi-toml/tombi/releases/assets/496096092"
provenance = "github-attestations"

[tools.tombi."platforms.linux-x64"]
checksum = "sha256:05385bdf47d10828c1fc27190ee0ad44b777a57f56ea95c9ef568c845e3b7872"
url = "https://github.com/tombi-toml/tombi/releases/download/v1.2.5/tombi-cli-1.2.5-x86_64-unknown-linux-musl.tar.gz"
url_api = "https://api.github.com/repos/tombi-toml/tombi/releases/assets/496096100"
provenance = "github-attestations"

[tools.tombi."platforms.linux-x64-musl"]
checksum = "sha256:05385bdf47d10828c1fc27190ee0ad44b777a57f56ea95c9ef568c845e3b7872"
url = "https://github.com/tombi-toml/tombi/releases/download/v1.2.5/tombi-cli-1.2.5-x86_64-unknown-linux-musl.tar.gz"
url_api = "https://api.github.com/repos/tombi-toml/tombi/releases/assets/496096100"
provenance = "github-attestations"

[tools.tombi."platforms.macos-arm64"]
checksum = "sha256:e4c3dd5346650b80afa516b851e0bffb4ea8a8b51ced974712fd0dd10cb893ee"
url = "https://github.com/tombi-toml/tombi/releases/download/v1.2.5/tombi-cli-1.2.5-aarch64-apple-darwin.tar.gz"
url_api = "https://api.github.com/repos/tombi-toml/tombi/releases/assets/496096095"
provenance = "github-attestations"

[tools.tombi."platforms.macos-x64"]
checksum = "sha256:b020e2daba5c563842578d164b66340251d5c1fac67106f496af4a4d30625f1e"
url = "https://github.com/tombi-toml/tombi/releases/download/v1.2.5/tombi-cli-1.2.5-x86_64-apple-darwin.tar.gz"
url_api = "https://api.github.com/repos/tombi-toml/tombi/releases/assets/496096094"
provenance = "github-attestations"

[tools.tombi."platforms.windows-x64"]
checksum = "sha256:c338abcf1b1d088ad9436d3cc0a37d5ce82cde414de56ef693ceec2ce8aa3ec7"
url = "https://github.com/tombi-toml/tombi/releases/download/v1.2.5/tombi-cli-1.2.5-x86_64-pc-windows-msvc.zip"
url_api = "https://api.github.com/repos/tombi-toml/tombi/releases/assets/496096098"
provenance = "github-attestations"

[[tools.zizmor]]
version = "1.29.0"
backend = "aqua:zizmorcore/zizmor"

[tools.zizmor."platforms.linux-arm64"]
checksum = "sha256:415eaa7c0a06479a701b8e44a3e812c1047decc848ec4bede7bd6bbf49f22d20"
url = "https://github.com/zizmorcore/zizmor/releases/download/v1.29.0/zizmor-aarch64-unknown-linux-gnu.tar.gz"
url_api = "https://api.github.com/repos/zizmorcore/zizmor/releases/assets/498263143"
provenance = "github-attestations"

[tools.zizmor."platforms.linux-arm64-musl"]
provenance = "github-attestations"

[tools.zizmor."platforms.linux-x64"]
checksum = "sha256:dd96df044a6e8538d5f423790f453bdd03d49e5b2bcc38214acc41a2f1297839"
url = "https://github.com/zizmorcore/zizmor/releases/download/v1.29.0/zizmor-x86_64-unknown-linux-gnu.tar.gz"
url_api = "https://api.github.com/repos/zizmorcore/zizmor/releases/assets/498263145"
provenance = "github-attestations"

[tools.zizmor."platforms.linux-x64-musl"]
provenance = "github-attestations"

[tools.zizmor."platforms.macos-arm64"]
checksum = "sha256:720322fade9e83a9c7953944c438f2ba942636b86b96a8f0e6b15ce94c8a6b6f"
url = "https://github.com/zizmorcore/zizmor/releases/download/v1.29.0/zizmor-aarch64-apple-darwin.tar.gz"
url_api = "https://api.github.com/repos/zizmorcore/zizmor/releases/assets/498263141"
provenance = "github-attestations"

[tools.zizmor."platforms.macos-x64"]
checksum = "sha256:648b72ab9941a7f2a8d65d7b68a8e76cef789538c8df3a3950384d38423375b0"
url = "https://github.com/zizmorcore/zizmor/releases/download/v1.29.0/zizmor-x86_64-apple-darwin.tar.gz"
url_api = "https://api.github.com/repos/zizmorcore/zizmor/releases/assets/498263144"
provenance = "github-attestations"

[tools.zizmor."platforms.windows-x64"]
checksum = "sha256:68a6bc6888f10bf0d53658c75885e7c1b7a0588d4c1fbc3f0ca280ad7324bf06"
url = "https://github.com/zizmorcore/zizmor/releases/download/v1.29.0/zizmor-x86_64-pc-windows-msvc.zip"
url_api = "https://api.github.com/repos/zizmorcore/zizmor/releases/assets/498263142"
provenance = "github-attestations"
